// !$*UTF8*$!
{
	archiveVersion = 1;
	classes = {
	};
	objectVersion = 46;
	objects = {

/* Begin PBXBuildFile section */
		E429750014A28DA000BA2CC7 /* blueButton.png in Resources */ = {isa = PBXBuildFile; fileRef = E42974FF14A28DA000BA2CC7 /* blueButton.png */; };
		E429750314A28DA700BA2CC7 /* whiteButton.png in Resources */ = {isa = PBXBuildFile; fileRef = E429750214A28DA700BA2CC7 /* whiteButton.png */; };
		E485B2EF14A1547F0085984A /* UIKit.framework in Frameworks */ = {isa = PBXBuildFile; fileRef = E485B2EE14A1547F0085984A /* UIKit.framework */; };
		E485B2F114A1547F0085984A /* Foundation.framework in Frameworks */ = {isa = PBXBuildFile; fileRef = E485B2F014A1547F0085984A /* Foundation.framework */; };
		E485B2F314A1547F0085984A /* CoreGraphics.framework in Frameworks */ = {isa = PBXBuildFile; fileRef = E485B2F214A1547F0085984A /* CoreGraphics.framework */; };
		E485B2F914A1547F0085984A /* InfoPlist.strings in Resources */ = {isa = PBXBuildFile; fileRef = E485B2F714A1547F0085984A /* InfoPlist.strings */; };
		E485B2FB14A1547F0085984A /* main.m in Sources */ = {isa = PBXBuildFile; fileRef = E485B2FA14A1547F0085984A /* main.m */; };
		E485B2FF14A1547F0085984A /* AppDelegate.m in Sources */ = {isa = PBXBuildFile; fileRef = E485B2FE14A1547F0085984A /* AppDelegate.m */; };
		E485B30214A1547F0085984A /* ViewController.m in Sources */ = {isa = PBXBuildFile; fileRef = E485B30114A1547F0085984A /* ViewController.m */; };
		E485B30514A1547F0085984A /* ViewController.xib in Resources */ = {isa = PBXBuildFile; fileRef = E485B30314A1547F0085984A /* ViewController.xib */; };
		E485B30C14A154C70085984A /* apress_logo.png in Resources */ = {isa = PBXBuildFile; fileRef = E485B30B14A154C70085984A /* apress_logo.png */; };
/* End PBXBuildFile section */

/* Begin PBXFileReference section */
		E42974FF14A28DA000BA2CC7 /* blueButton.png */ = {isa = PBXFileReference; lastKnownFileType = image.png; path = blueButton.png; sourceTree = "<group>"; };
		E429750214A28DA700BA2CC7 /* whiteButton.png */ = {isa = PBXFileReference; lastKnownFileType = image.png; path = whiteButton.png; sourceTree = "<group>"; };
		E485B2EA14A1547F0085984A /* Control Fun.app */ = {isa = PBXFileReference; explicitFileType = wrapper.application; includeInIndex = 0; path = "Control Fun.app"; sourceTree = BUILT_PRODUCTS_DIR; };
		E485B2EE14A1547F0085984A /* UIKit.framework */ = {isa = PBXFileReference; lastKnownFileType = wrapper.framework; name = UIKit.framework; path = System/Library/Frameworks/UIKit.framework; sourceTree = SDKROOT; };
		E485B2F014A1547F0085984A /* Foundation.framework */ = {isa = PBXFileReference; lastKnownFileType = wrapper.framework; name = Foundation.framework; path = System/Library/Frameworks/Foundation.framework; sourceTree = SDKROOT; };
		E485B2F214A1547F0085984A /* CoreGraphics.framework */ = {isa = PBXFileReference; lastKnownFileType = wrapper.framework; name = CoreGraphics.framework; path = System/Library/Frameworks/CoreGraphics.framework; sourceTree = SDKROOT; };
		E485B2F614A1547F0085984A /* Control Fun-Info.plist */ = {isa = PBXFileReference; lastKnownFileType = text.plist.xml; path = "Control Fun-Info.plist"; sourceTree = "<group>"; };
		E485B2F814A1547F0085984A /* en */ = {isa = PBXFileReference; lastKnownFileType = text.plist.strings; name = en; path = en.lproj/InfoPlist.strings; sourceTree = "<group>"; };
		E485B2FA14A1547F0085984A /* main.m */ = {isa = PBXFileReference; lastKnownFileType = sourcecode.c.objc; path = main.m; sourceTree = "<group>"; };
		E485B2FC14A1547F0085984A /* Control Fun-Prefix.pch */ = {isa = PBXFileReference; lastKnownFileType = sourcecode.c.h; path = "Control Fun-Prefix.pch"; sourceTree = "<group>"; };
		E485B2FD14A1547F0085984A /* AppDelegate.h */ = {isa = PBXFileReference; lastKnownFileType = sourcecode.c.h; path = AppDelegate.h; sourceTree = "<group>"; };
		E485B2FE14A1547F0085984A /* AppDelegate.m */ = {isa = PBXFileReference; lastKnownFileType = sourcecode.c.objc; path = AppDelegate.m; sourceTree = "<group>"; };
		E485B30014A1547F0085984A /* ViewController.h */ = {isa = PBXFileReference; lastKnownFileType = sourcecode.c.h; path = ViewController.h; sourceTree = "<group>"; };
		E485B30114A1547F0085984A /* ViewController.m */ = {isa = PBXFileReference; lastKnownFileType = sourcecode.c.objc; path = ViewController.m; sourceTree = "<group>"; };
		E485B30414A1547F0085984A /* en */ = {isa = PBXFileReference; lastKnownFileType = file.xib; name = en; path = en.lproj/ViewController.xib; sourceTree = "<group>"; };
		E485B30B14A154C70085984A /* apress_logo.png */ = {isa = PBXFileReference; lastKnownFileType = image.png; path = apress_logo.png; sourceTree = "<group>"; };
/* End PBXFileReference section */

/* Begin PBXFrameworksBuildPhase section */
		E485B2E714A1547F0085984A /* Frameworks */ = {
			isa = PBXFrameworksBuildPhase;
			buildActionMask = 2147483647;
			files = (
				E485B2EF14A1547F0085984A /* UIKit.framework in Frameworks */,
				E485B2F114A1547F0085984A /* Foundation.framework in Frameworks */,
				E485B2F314A1547F0085984A /* CoreGraphics.framework in Frameworks */,
			);
			runOnlyForDeploymentPostprocessing = 0;
		};
/* End PBXFrameworksBuildPhase section */

/* Begin PBXGroup section */
		E485B2DF14A1547F0085984A = {
			isa = PBXGroup;
			children = (
				E485B2F414A1547F0085984A /* Control Fun */,
				E485B2ED14A1547F0085984A /* Frameworks */,
				E485B2EB14A1547F0085984A /* Products */,
			);
			sourceTree = "<group>";
		};
		E485B2EB14A1547F0085984A /* Products */ = {
			isa = PBXGroup;
			children = (
				E485B2EA14A1547F0085984A /* Control Fun.app */,
			);
			name = Products;
			sourceTree = "<group>";
		};
		E485B2ED14A1547F0085984A /* Frameworks */ = {
			isa = PBXGroup;
			children = (
				E485B2EE14A1547F0085984A /* UIKit.framework */,
				E485B2F014A1547F0085984A /* Foundation.framework */,
				E485B2F214A1547F0085984A /* CoreGraphics.framework */,
			);
			name = Frameworks;
			sourceTree = "<group>";
		};
		E485B2F414A1547F0085984A /* Control Fun */ = {
			isa = PBXGroup;
			children = (
				E485B2FD14A1547F0085984A /* AppDelegate.h */,
				E485B2FE14A1547F0085984A /* AppDelegate.m */,
				E485B30014A1547F0085984A /* ViewController.h */,
				E485B30114A1547F0085984A /* ViewController.m */,
				E485B30314A1547F0085984A /* ViewController.xib */,
				E485B2F514A1547F0085984A /* Supporting Files */,
			);
			path = "Control Fun";
			sourceTree = "<group>";
		};
		E485B2F514A1547F0085984A /* Supporting Files */ = {
			isa = PBXGroup;
			children = (
				E429750214A28DA700BA2CC7 /* whiteButton.png */,
				E42974FF14A28DA000BA2CC7 /* blueButton.png */,
				E485B30B14A154C70085984A /* apress_logo.png */,
				E485B2F614A1547F0085984A /* Control Fun-Info.plist */,
				E485B2F714A1547F0085984A /* InfoPlist.strings */,
				E485B2FA14A1547F0085984A /* main.m */,
				E485B2FC14A1547F0085984A /* Control Fun-Prefix.pch */,
			);
			name = "Supporting Files";
			sourceTree = "<group>";
		};
/* End PBXGroup section */

/* Begin PBXNativeTarget section */
		E485B2E914A1547F0085984A /* Control Fun */ = {
			isa = PBXNativeTarget;
			buildConfigurationList = E485B30814A1547F0085984A /* Build configuration list for PBXNativeTarget "Control Fun" */;
			buildPhases = (
				E485B2E614A1547F0085984A /* Sources */,
				E485B2E714A1547F0085984A /* Frameworks */,
				E485B2E814A1547F0085984A /* Resources */,
			);
			buildRules = (
			);
			dependencies = (
			);
			name = "Control Fun";
			productName = "Control Fun";
			productReference = E485B2EA14A1547F0085984A /* Control Fun.app */;
			productType = "com.apple.product-type.application";
		};
/* End PBXNativeTarget section */

/* Begin PBXProject section */
		E485B2E114A1547F0085984A /* Project object */ = {
			isa = PBXProject;
			attributes = {
				LastUpgradeCheck = 0420;
			};
			buildConfigurationList = E485B2E414A1547F0085984A /* Build configuration list for PBXProject "Control Fun" */;
			compatibilityVersion = "Xcode 3.2";
			developmentRegion = English;
			hasScannedForEncodings = 0;
			knownRegions = (
				en,
			);
			mainGroup = E485B2DF14A1547F0085984A;
			productRefGroup = E485B2EB14A1547F0085984A /* Products */;
			projectDirPath = "";
			projectRoot = "";
			targets = (
				E485B2E914A1547F0085984A /* Control Fun */,
			);
		};
/* End PBXProject section */

/* Begin PBXResourcesBuildPhase section */
		E485B2E814A1547F0085984A /* Resources */ = {
			isa = PBXResourcesBuildPhase;
			buildActionMask = 2147483647;
			files = (
				E485B2F914A1547F0085984A /* InfoPlist.strings in Resources */,
				E485B30514A1547F0085984A /* ViewController.xib in Resources */,
				E485B30C14A154C70085984A /* apress_logo.png in Resources */,
				E429750014A28DA000BA2CC7 /* blueButton.png in Resources */,
				E429750314A28DA700BA2CC7 /* whiteButton.png in Resources */,
			);
			runOnlyForDeploymentPostprocessing = 0;
		};
/* End PBXResourcesBuildPhase section */

/* Begin PBXSourcesBuildPhase section */
		E485B2E614A1547F0085984A /* Sources */ = {
			isa = PBXSourcesBuildPhase;
			buildActionMask = 2147483647;
			files = (
				E485B2FB14A1547F0085984A /* main.m in Sources */,
				E485B2FF14A1547F0085984A /* AppDelegate.m in Sources */,
				E485B30214A1547F0085984A /* ViewController.m in Sources */,
			);
			runOnlyForDeploymentPostprocessing = 0;
		};
/* End PBXSourcesBuildPhase section */

/* Begin PBXVariantGroup section */
		E485B2F714A1547F0085984A /* InfoPlist.strings */ = {
			isa = PBXVariantGroup;
			children = (
				E485B2F814A1547F0085984A /* en */,
			);
			name = InfoPlist.strings;
			sourceTree = "<group>";
		};
		E485B30314A1547F0085984A /* ViewController.xib */ = {
			isa = PBXVariantGroup;
			children = (
				E485B30414A1547F0085984A /* en */,
			);
			name = ViewController.xib;
			sourceTree = "<group>";
		};
/* End PBXVariantGroup section */

/* Begin XCBuildConfiguration section */
		E485B30614A1547F0085984A /* Debug */ = {
			isa = XCBuildConfiguration;
			buildSettings = {
				ALWAYS_SEARCH_USER_PATHS = NO;
				ARCHS = "$(ARCHS_STANDARD_32_BIT)";
				CLANG_ENABLE_OBJC_ARC = YES;
				"CODE_SIGN_IDENTITY[sdk=iphoneos*]" = "iPhone Developer";
				COPY_PHASE_STRIP = NO;
				GCC_C_LANGUAGE_STANDARD = gnu99;
				GCC_DYNAMIC_NO_PIC = NO;
				GCC_OPTIMIZATION_LEVEL = 0;
				GCC_PREPROCESSOR_DEFINITIONS = (
					"DEBUG=1",
					"$(inherited)",
				);
				GCC_SYMBOLS_PRIVATE_EXTERN = NO;
				GCC_VERSION = com.apple.compilers.llvm.clang.1_0;
				GCC_WARN_ABOUT_MISSING_PROTOTYPES = YES;
				GCC_WARN_ABOUT_RETURN_TYPE = YES;
				GCC_WARN_UNUSED_VARIABLE = YES;
				IPHONEOS_DEPLOYMENT_TARGET = 5.0;
				SDKROOT = iphoneos;
			};
			name = Debug;
		};
		E485B30714A1547F0085984A /* Release */ = {
			isa = XCBuildConfiguration;
			buildSettings = {
				ALWAYS_SEARCH_USER_PATHS = NO;
				ARCHS = "$(ARCHS_STANDARD_32_BIT)";
				CLANG_ENABLE_OBJC_ARC = YES;
				"CODE_SIGN_IDENTITY[sdk=iphoneos*]" = "iPhone Developer";
				COPY_PHASE_STRIP = YES;
				GCC_C_LANGUAGE_STANDARD = gnu99;
				GCC_VERSION = com.apple.compilers.llvm.clang.1_0;
				GCC_WARN_ABOUT_MISSING_PROTOTYPES = YES;
				GCC_WARN_ABOUT_RETURN_TYPE = YES;
				GCC_WARN_UNUSED_VARIABLE = YES;
				IPHONEOS_DEPLOYMENT_TARGET = 5.0;
				OTHER_CFLAGS = "-DNS_BLOCK_ASSERTIONS=1";
				SDKROOT = iphoneos;
				VALIDATE_PRODUCT = YES;
			};
			name = Release;
		};
		E485B30914A1547F0085984A /* Debug */ = {
			isa = XCBuildConfiguration;
			buildSettings = {
				GCC_PRECOMPILE_PREFIX_HEADER = YES;
				GCC_PREFIX_HEADER = "Control Fun/Control Fun-Prefix.pch";
				INFOPLIST_FILE = "Control Fun/Control Fun-Info.plist";
				PRODUCT_NAME = "$(TARGET_NAME)";
				WRAPPER_EXTENSION = app;
			};
			name = Debug;
		};
		E485B30A14A1547F0085984A /* Release */ = {
			isa = XCBuildConfiguration;
			buildSettings = {
				GCC_PRECOMPILE_PREFIX_HEADER = YES;
				GCC_PREFIX_HEADER = "Control Fun/Control Fun-Prefix.pch";
				INFOPLIST_FILE = "Control Fun/Control Fun-Info.plist";
				PRODUCT_NAME = "$(TARGET_NAME)";
				WRAPPER_EXTENSION = app;
			};
			name = Release;
		};
/* End XCBuildConfiguration section */

/* Begin XCConfigurationList section */
		E485B2E414A1547F0085984A /* Build configuration list for PBXProject "Control Fun" */ = {
			isa = XCConfigurationList;
			buildConfigurations = (
				E485B30614A1547F0085984A /* Debug */,
				E485B30714A1547F0085984A /* Release */,
			);
			defaultConfigurationIsVisible = 0;
			defaultConfigurationName = Release;
		};
		E485B30814A1547F0085984A /* Build configuration list for PBXNativeTarget "Control Fun" */ = {
			isa = XCConfigurationList;
			buildConfigurations = (
				E485B30914A1547F0085984A /* Debug */,
				E485B30A14A1547F0085984A /* Release */,
			);
			defaultConfigurationIsVisible = 0;
			defaultConfigurationName = Release;
		};
/* End XCConfigurationList section */
	};
	rootObject = E485B2E114A1547F0085984A /* Project object */;
}
